// !$*UTF8*$!
{
	archiveVersion = 1;
	classes = {
	};
	objectVersion = 56;
	objects = {

/* Begin PBXBuildFile section */
		900E33702C72DC0F006F45B0 /* AppDelegate.swift in Sources */ = {isa = PBXBuildFile; fileRef = 900E336F2C72DC0F006F45B0 /* AppDelegate.swift */; };
		900E33722C72DC0F006F45B0 /* SceneDelegate.swift in Sources */ = {isa = PBXBuildFile; fileRef = 900E33712C72DC0F006F45B0 /* SceneDelegate.swift */; };
		900E33742C72DC0F006F45B0 /* WeatherViewController.swift in Sources */ = {isa = PBXBuildFile; fileRef = 900E33732C72DC0F006F45B0 /* WeatherViewController.swift */; };
		900E33792C72DC11006F45B0 /* Assets.xcassets in Resources */ = {isa = PBXBuildFile; fileRef = 900E33782C72DC11006F45B0 /* Assets.xcassets */; };
		900E337C2C72DC11006F45B0 /* Base in Resources */ = {isa = PBXBuildFile; fileRef = 900E337B2C72DC11006F45B0 /* Base */; };
		900E33852C72DD30006F45B0 /* WeatherKit.framework in Frameworks */ = {isa = PBXBuildFile; fileRef = 900E33842C72DD30006F45B0 /* WeatherKit.framework */; };
		900E338E2C72DED9006F45B0 /* LocationManager.swift in Sources */ = {isa = PBXBuildFile; fileRef = 900E338D2C72DED9006F45B0 /* LocationManager.swift */; };
		900E33902C72DEE1006F45B0 /* IAPManager.swift in Sources */ = {isa = PBXBuildFile; fileRef = 900E338F2C72DEE1006F45B0 /* IAPManager.swift */; };
		900E33922C72DEFB006F45B0 /* WeatherManager.swift in Sources */ = {isa = PBXBuildFile; fileRef = 900E33912C72DEFB006F45B0 /* WeatherManager.swift */; };
		900E33942C72DFEA006F45B0 /* SettingsViewController.swift in Sources */ = {isa = PBXBuildFile; fileRef = 900E33932C72DFEA006F45B0 /* SettingsViewController.swift */; };
		900E33962C72E078006F45B0 /* TabViewController.swift in Sources */ = {isa = PBXBuildFile; fileRef = 900E33952C72E078006F45B0 /* TabViewController.swift */; };
/* End PBXBuildFile section */

/* Begin PBXFileReference section */
		900E336C2C72DC0F006F45B0 /* weatherApp.app */ = {isa = PBXFileReference; explicitFileType = wrapper.application; includeInIndex = 0; path = weatherApp.app; sourceTree = BUILT_PRODUCTS_DIR; };
		900E336F2C72DC0F006F45B0 /* AppDelegate.swift */ = {isa = PBXFileReference; lastKnownFileType = sourcecode.swift; path = AppDelegate.swift; sourceTree = "<group>"; };
		900E33712C72DC0F006F45B0 /* SceneDelegate.swift */ = {isa = PBXFileReference; lastKnownFileType = sourcecode.swift; path = SceneDelegate.swift; sourceTree = "<group>"; };
		900E33732C72DC0F006F45B0 /* WeatherViewController.swift */ = {isa = PBXFileReference; lastKnownFileType = sourcecode.swift; path = WeatherViewController.swift; sourceTree = "<group>"; };
		900E33782C72DC11006F45B0 /* Assets.xcassets */ = {isa = PBXFileReference; lastKnownFileType = folder.assetcatalog; path = Assets.xcassets; sourceTree = "<group>"; };
		900E337B2C72DC11006F45B0 /* Base */ = {isa = PBXFileReference; lastKnownFileType = file.storyboard; name = Base; path = Base.lproj/LaunchScreen.storyboard; sourceTree = "<group>"; };
		900E337D2C72DC11006F45B0 /* Info.plist */ = {isa = PBXFileReference; lastKnownFileType = text.plist.xml; path = Info.plist; sourceTree = "<group>"; };
		900E33842C72DD30006F45B0 /* WeatherKit.framework */ = {isa = PBXFileReference; lastKnownFileType = wrapper.framework; name = WeatherKit.framework; path = System/Library/Frameworks/WeatherKit.framework; sourceTree = SDKROOT; };
		900E33862C72DD6C006F45B0 /* weatherApp.entitlements */ = {isa = PBXFileReference; lastKnownFileType = text.plist.entitlements; path = weatherApp.entitlements; sourceTree = "<group>"; };
		900E338D2C72DED9006F45B0 /* LocationManager.swift */ = {isa = PBXFileReference; lastKnownFileType = sourcecode.swift; path = LocationManager.swift; sourceTree = "<group>"; };
		900E338F2C72DEE1006F45B0 /* IAPManager.swift */ = {isa = PBXFileReference; lastKnownFileType = sourcecode.swift; path = IAPManager.swift; sourceTree = "<group>"; };
		900E33912C72DEFB006F45B0 /* WeatherManager.swift */ = {isa = PBXFileReference; lastKnownFileType = sourcecode.swift; path = WeatherManager.swift; sourceTree = "<group>"; };
		900E33932C72DFEA006F45B0 /* SettingsViewController.swift */ = {isa = PBXFileReference; lastKnownFileType = sourcecode.swift; path = SettingsViewController.swift; sourceTree = "<group>"; };
		900E33952C72E078006F45B0 /* TabViewController.swift */ = {isa = PBXFileReference; lastKnownFileType = sourcecode.swift; path = TabViewController.swift; sourceTree = "<group>"; };
		900E33972C72E41C006F45B0 /* README.md */ = {isa = PBXFileReference; lastKnownFileType = net.daringfireball.markdown; path = README.md; sourceTree = "<group>"; };
/* End PBXFileReference section */

/* Begin PBXFrameworksBuildPhase section */
		900E33692C72DC0F006F45B0 /* Frameworks */ = {
			isa = PBXFrameworksBuildPhase;
			buildActionMask = 2147483647;
			files = (
				900E33852C72DD30006F45B0 /* WeatherKit.framework in Frameworks */,
			);
			runOnlyForDeploymentPostprocessing = 0;
		};
/* End PBXFrameworksBuildPhase section */

/* Begin PBXGroup section */
		900E33632C72DC0F006F45B0 = {
			isa = PBXGroup;
			children = (
				900E33972C72E41C006F45B0 /* README.md */,
				900E336E2C72DC0F006F45B0 /* weatherApp */,
				900E336D2C72DC0F006F45B0 /* Products */,
				900E33832C72DD30006F45B0 /* Frameworks */,
			);
			sourceTree = "<group>";
		};
		900E336D2C72DC0F006F45B0 /* Products */ = {
			isa = PBXGroup;
			children = (
				900E336C2C72DC0F006F45B0 /* weatherApp.app */,
			);
			name = Products;
			sourceTree = "<group>";
		};
		900E336E2C72DC0F006F45B0 /* weatherApp */ = {
			isa = PBXGroup;
			children = (
				900E33862C72DD6C006F45B0 /* weatherApp.entitlements */,
				900E338C2C72DEAF006F45B0 /* Managers */,
				900E338B2C72DE88006F45B0 /* Other */,
				900E338A2C72DE82006F45B0 /* Controllers */,
				900E33892C72DE7B006F45B0 /* Models */,
				900E33882C72DE63006F45B0 /* ViewModels */,
				900E33872C72DE5B006F45B0 /* Views */,
				900E337D2C72DC11006F45B0 /* Info.plist */,
			);
			path = weatherApp;
			sourceTree = "<group>";
		};
		900E33832C72DD30006F45B0 /* Frameworks */ = {
			isa = PBXGroup;
			children = (
				900E33842C72DD30006F45B0 /* WeatherKit.framework */,
			);
			name = Frameworks;
			sourceTree = "<group>";
		};
		900E33872C72DE5B006F45B0 /* Views */ = {
			isa = PBXGroup;
			children = (
			);
			path = Views;
			sourceTree = "<group>";
		};
		900E33882C72DE63006F45B0 /* ViewModels */ = {
			isa = PBXGroup;
			children = (
			);
			path = ViewModels;
			sourceTree = "<group>";
		};
		900E33892C72DE7B006F45B0 /* Models */ = {
			isa = PBXGroup;
			children = (
			);
			path = Models;
			sourceTree = "<group>";
		};
		900E338A2C72DE82006F45B0 /* Controllers */ = {
			isa = PBXGroup;
			children = (
				900E33732C72DC0F006F45B0 /* WeatherViewController.swift */,
				900E33932C72DFEA006F45B0 /* SettingsViewController.swift */,
				900E33952C72E078006F45B0 /* TabViewController.swift */,
			);
			path = Controllers;
			sourceTree = "<group>";
		};
		900E338B2C72DE88006F45B0 /* Other */ = {
			isa = PBXGroup;
			children = (
				900E33782C72DC11006F45B0 /* Assets.xcassets */,
				900E337A2C72DC11006F45B0 /* LaunchScreen.storyboard */,
				900E336F2C72DC0F006F45B0 /* AppDelegate.swift */,
				900E33712C72DC0F006F45B0 /* SceneDelegate.swift */,
			);
			path = Other;
			sourceTree = "<group>";
		};
		900E338C2C72DEAF006F45B0 /* Managers */ = {
			isa = PBXGroup;
			children = (
				900E338D2C72DED9006F45B0 /* LocationManager.swift */,
				900E338F2C72DEE1006F45B0 /* IAPManager.swift */,
				900E33912C72DEFB006F45B0 /* WeatherManager.swift */,
			);
			path = Managers;
			sourceTree = "<group>";
		};
/* End PBXGroup section */

/* Begin PBXNativeTarget section */
		900E336B2C72DC0F006F45B0 /* weatherApp */ = {
			isa = PBXNativeTarget;
			buildConfigurationList = 900E33802C72DC11006F45B0 /* Build configuration list for PBXNativeTarget "weatherApp" */;
			buildPhases = (
				900E33682C72DC0F006F45B0 /* Sources */,
				900E33692C72DC0F006F45B0 /* Frameworks */,
				900E336A2C72DC0F006F45B0 /* Resources */,
			);
			buildRules = (
			);
			dependencies = (
			);
			name = weatherApp;
			productName = weatherApp;
			productReference = 900E336C2C72DC0F006F45B0 /* weatherApp.app */;
			productType = "com.apple.product-type.application";
		};
/* End PBXNativeTarget section */

/* Begin PBXProject section */
		900E33642C72DC0F006F45B0 /* Project object */ = {
			isa = PBXProject;
			attributes = {
				BuildIndependentTargetsInParallel = 1;
				LastSwiftUpdateCheck = 1530;
				LastUpgradeCheck = 1530;
				TargetAttributes = {
					900E336B2C72DC0F006F45B0 = {
						CreatedOnToolsVersion = 15.3;
					};
				};
			};
			buildConfigurationList = 900E33672C72DC0F006F45B0 /* Build configuration list for PBXProject "weatherApp" */;
			compatibilityVersion = "Xcode 14.0";
			developmentRegion = en;
			hasScannedForEncodings = 0;
			knownRegions = (
				en,
				Base,
			);
			mainGroup = 900E33632C72DC0F006F45B0;
			productRefGroup = 900E336D2C72DC0F006F45B0 /* Products */;
			projectDirPath = "";
			projectRoot = "";
			targets = (
				900E336B2C72DC0F006F45B0 /* weatherApp */,
			);
		};
/* End PBXProject section */

/* Begin PBXResourcesBuildPhase section */
		900E336A2C72DC0F006F45B0 /* Resources */ = {
			isa = PBXResourcesBuildPhase;
			buildActionMask = 2147483647;
			files = (
				900E33792C72DC11006F45B0 /* Assets.xcassets in Resources */,
				900E337C2C72DC11006F45B0 /* Base in Resources */,
			);
			runOnlyForDeploymentPostprocessing = 0;
		};
/* End PBXResourcesBuildPhase section */

/* Begin PBXSourcesBuildPhase section */
		900E33682C72DC0F006F45B0 /* Sources */ = {
			isa = PBXSourcesBuildPhase;
			buildActionMask = 2147483647;
			files = (
				900E33962C72E078006F45B0 /* TabViewController.swift in Sources */,
				900E33922C72DEFB006F45B0 /* WeatherManager.swift in Sources */,
				900E338E2C72DED9006F45B0 /* LocationManager.swift in Sources */,
				900E33942C72DFEA006F45B0 /* SettingsViewController.swift in Sources */,
				900E33902C72DEE1006F45B0 /* IAPManager.swift in Sources */,
				900E33742C72DC0F006F45B0 /* WeatherViewController.swift in Sources */,
				900E33702C72DC0F006F45B0 /* AppDelegate.swift in Sources */,
				900E33722C72DC0F006F45B0 /* SceneDelegate.swift in Sources */,
			);
			runOnlyForDeploymentPostprocessing = 0;
		};
/* End PBXSourcesBuildPhase section */

/* Begin PBXVariantGroup section */
		900E337A2C72DC11006F45B0 /* LaunchScreen.storyboard */ = {
			isa = PBXVariantGroup;
			children = (
				900E337B2C72DC11006F45B0 /* Base */,
			);
			name = LaunchScreen.storyboard;
			sourceTree = "<group>";
		};
/* End PBXVariantGroup section */

/* Begin XCBuildConfiguration section */
		900E337E2C72DC11006F45B0 /* Debug */ = {
			isa = XCBuildConfiguration;
			buildSettings = {
				ALWAYS_SEARCH_USER_PATHS = NO;
				ASSETCATALOG_COMPILER_GENERATE_SWIFT_ASSET_SYMBOL_EXTENSIONS = YES;
				CLANG_ANALYZER_NONNULL = YES;
				CLANG_ANALYZER_NUMBER_OBJECT_CONVERSION = YES_AGGRESSIVE;
				CLANG_CXX_LANGUAGE_STANDARD = "gnu++20";
				CLANG_ENABLE_MODULES = YES;
				CLANG_ENABLE_OBJC_ARC = YES;
				CLANG_ENABLE_OBJC_WEAK = YES;
				CLANG_WARN_BLOCK_CAPTURE_AUTORELEASING = YES;
				CLANG_WARN_BOOL_CONVERSION = YES;
				CLANG_WARN_COMMA = YES;
				CLANG_WARN_CONSTANT_CONVERSION = YES;
				CLANG_WARN_DEPRECATED_OBJC_IMPLEMENTATIONS = YES;
				CLANG_WARN_DIRECT_OBJC_ISA_USAGE = YES_ERROR;
				CLANG_WARN_DOCUMENTATION_COMMENTS = YES;
				CLANG_WARN_EMPTY_BODY = YES;
				CLANG_WARN_ENUM_CONVERSION = YES;
				CLANG_WARN_INFINITE_RECURSION = YES;
				CLANG_WARN_INT_CONVERSION = YES;
				CLANG_WARN_NON_LITERAL_NULL_CONVERSION = YES;
				CLANG_WARN_OBJC_IMPLICIT_RETAIN_SELF = YES;
				CLANG_WARN_OBJC_LITERAL_CONVERSION = YES;
				CLANG_WARN_OBJC_ROOT_CLASS = YES_ERROR;
				CLANG_WARN_QUOTED_INCLUDE_IN_FRAMEWORK_HEADER = YES;
				CLANG_WARN_RANGE_LOOP_ANALYSIS = YES;
				CLANG_WARN_STRICT_PROTOTYPES = YES;
				CLANG_WARN_SUSPICIOUS_MOVE = YES;
				CLANG_WARN_UNGUARDED_AVAILABILITY = YES_AGGRESSIVE;
				CLANG_WARN_UNREACHABLE_CODE = YES;
				CLANG_WARN__DUPLICATE_METHOD_MATCH = YES;
				COPY_PHASE_STRIP = NO;
				DEBUG_INFORMATION_FORMAT = dwarf;
				ENABLE_STRICT_OBJC_MSGSEND = YES;
				ENABLE_TESTABILITY = YES;
				ENABLE_USER_SCRIPT_SANDBOXING = YES;
				GCC_C_LANGUAGE_STANDARD = gnu17;
				GCC_DYNAMIC_NO_PIC = NO;
				GCC_NO_COMMON_BLOCKS = YES;
				GCC_OPTIMIZATION_LEVEL = 0;
				GCC_PREPROCESSOR_DEFINITIONS = (
					"DEBUG=1",
					"$(inherited)",
				);
				GCC_WARN_64_TO_32_BIT_CONVERSION = YES;
				GCC_WARN_ABOUT_RETURN_TYPE = YES_ERROR;
				GCC_WARN_UNDECLARED_SELECTOR = YES;
				GCC_WARN_UNINITIALIZED_AUTOS = YES_AGGRESSIVE;
				GCC_WARN_UNUSED_FUNCTION = YES;
				GCC_WARN_UNUSED_VARIABLE = YES;
				IPHONEOS_DEPLOYMENT_TARGET = 17.4;
				LOCALIZATION_PREFERS_STRING_CATALOGS = YES;
				MTL_ENABLE_DEBUG_INFO = INCLUDE_SOURCE;
				MTL_FAST_MATH = YES;
				ONLY_ACTIVE_ARCH = YES;
				SDKROOT = iphoneos;
				SWIFT_ACTIVE_COMPILATION_CONDITIONS = "DEBUG $(inherited)";
				SWIFT_OPTIMIZATION_LEVEL = "-Onone";
			};
			name = Debug;
		};
		900E337F2C72DC11006F45B0 /* Release */ = {
			isa = XCBuildConfiguration;
			buildSettings = {
				ALWAYS_SEARCH_USER_PATHS = NO;
				ASSETCATALOG_COMPILER_GENERATE_SWIFT_ASSET_SYMBOL_EXTENSIONS = YES;
				CLANG_ANALYZER_NONNULL = YES;
				CLANG_ANALYZER_NUMBER_OBJECT_CONVERSION = YES_AGGRESSIVE;
				CLANG_CXX_LANGUAGE_STANDARD = "gnu++20";
				CLANG_ENABLE_MODULES = YES;
				CLANG_ENABLE_OBJC_ARC = YES;
				CLANG_ENABLE_OBJC_WEAK = YES;
				CLANG_WARN_BLOCK_CAPTURE_AUTORELEASING = YES;
				CLANG_WARN_BOOL_CONVERSION = YES;
				CLANG_WARN_COMMA = YES;
				CLANG_WARN_CONSTANT_CONVERSION = YES;
				CLANG_WARN_DEPRECATED_OBJC_IMPLEMENTATIONS = YES;
				CLANG_WARN_DIRECT_OBJC_ISA_USAGE = YES_ERROR;
				CLANG_WARN_DOCUMENTATION_COMMENTS = YES;
				CLANG_WARN_EMPTY_BODY = YES;
				CLANG_WARN_ENUM_CONVERSION = YES;
				CLANG_WARN_INFINITE_RECURSION = YES;
				CLANG_WARN_INT_CONVERSION = YES;
				CLANG_WARN_NON_LITERAL_NULL_CONVERSION = YES;
				CLANG_WARN_OBJC_IMPLICIT_RETAIN_SELF = YES;
				CLANG_WARN_OBJC_LITERAL_CONVERSION = YES;
				CLANG_WARN_OBJC_ROOT_CLASS = YES_ERROR;
				CLANG_WARN_QUOTED_INCLUDE_IN_FRAMEWORK_HEADER = YES;
				CLANG_WARN_RANGE_LOOP_ANALYSIS = YES;
				CLANG_WARN_STRICT_PROTOTYPES = YES;
				CLANG_WARN_SUSPICIOUS_MOVE = YES;
				CLANG_WARN_UNGUARDED_AVAILABILITY = YES_AGGRESSIVE;
				CLANG_WARN_UNREACHABLE_CODE = YES;
				CLANG_WARN__DUPLICATE_METHOD_MATCH = YES;
				COPY_PHASE_STRIP = NO;
				DEBUG_INFORMATION_FORMAT = "dwarf-with-dsym";
				ENABLE_NS_ASSERTIONS = NO;
				ENABLE_STRICT_OBJC_MSGSEND = YES;
				ENABLE_USER_SCRIPT_SANDBOXING = YES;
				GCC_C_LANGUAGE_STANDARD = gnu17;
				GCC_NO_COMMON_BLOCKS = YES;
				GCC_WARN_64_TO_32_BIT_CONVERSION = YES;
				GCC_WARN_ABOUT_RETURN_TYPE = YES_ERROR;
				GCC_WARN_UNDECLARED_SELECTOR = YES;
				GCC_WARN_UNINITIALIZED_AUTOS = YES_AGGRESSIVE;
				GCC_WARN_UNUSED_FUNCTION = YES;
				GCC_WARN_UNUSED_VARIABLE = YES;
				IPHONEOS_DEPLOYMENT_TARGET = 17.4;
				LOCALIZATION_PREFERS_STRING_CATALOGS = YES;
				MTL_ENABLE_DEBUG_INFO = NO;
				MTL_FAST_MATH = YES;
				SDKROOT = iphoneos;
				SWIFT_COMPILATION_MODE = wholemodule;
				VALIDATE_PRODUCT = YES;
			};
			name = Release;
		};
		900E33812C72DC11006F45B0 /* Debug */ = {
			isa = XCBuildConfiguration;
			buildSettings = {
				ASSETCATALOG_COMPILER_APPICON_NAME = AppIcon;
				ASSETCATALOG_COMPILER_GLOBAL_ACCENT_COLOR_NAME = AccentColor;
				CODE_SIGN_ENTITLEMENTS = weatherApp/weatherApp.entitlements;
				CODE_SIGN_STYLE = Automatic;
				CURRENT_PROJECT_VERSION = 1;
				GENERATE_INFOPLIST_FILE = YES;
				INFOPLIST_FILE = weatherApp/Info.plist;
				INFOPLIST_KEY_UIApplicationSupportsIndirectInputEvents = YES;
				INFOPLIST_KEY_UILaunchStoryboardName = LaunchScreen;
				INFOPLIST_KEY_UISupportedInterfaceOrientations_iPad = "UIInterfaceOrientationPortrait UIInterfaceOrientationPortraitUpsideDown UIInterfaceOrientationLandscapeLeft UIInterfaceOrientationLandscapeRight";
				INFOPLIST_KEY_UISupportedInterfaceOrientations_iPhone = "UIInterfaceOrientationPortrait UIInterfaceOrientationLandscapeLeft UIInterfaceOrientationLandscapeRight";
				LD_RUNPATH_SEARCH_PATHS = (
					"$(inherited)",
					"@executable_path/Frameworks",
				);
				MARKETING_VERSION = 1.0;
				PRODUCT_BUNDLE_IDENTIFIER = com.drake.weatherApp;
				PRODUCT_NAME = "$(TARGET_NAME)";
				SWIFT_EMIT_LOC_STRINGS = YES;
				SWIFT_VERSION = 5.0;
				TARGETED_DEVICE_FAMILY = "1,2";
			};
			name = Debug;
		};
		900E33822C72DC11006F45B0 /* Release */ = {
			isa = XCBuildConfiguration;
			buildSettings = {
				ASSETCATALOG_COMPILER_APPICON_NAME = AppIcon;
				ASSETCATALOG_COMPILER_GLOBAL_ACCENT_COLOR_NAME = AccentColor;
				CODE_SIGN_ENTITLEMENTS = weatherApp/weatherApp.entitlements;
				CODE_SIGN_STYLE = Automatic;
				CURRENT_PROJECT_VERSION = 1;
				GENERATE_INFOPLIST_FILE = YES;
				INFOPLIST_FILE = weatherApp/Info.plist;
				INFOPLIST_KEY_UIApplicationSupportsIndirectInputEvents = YES;
				INFOPLIST_KEY_UILaunchStoryboardName = LaunchScreen;
				INFOPLIST_KEY_UISupportedInterfaceOrientations_iPad = "UIInterfaceOrientationPortrait UIInterfaceOrientationPortraitUpsideDown UIInterfaceOrientationLandscapeLeft UIInterfaceOrientationLandscapeRight";
				INFOPLIST_KEY_UISupportedInterfaceOrientations_iPhone = "UIInterfaceOrientationPortrait UIInterfaceOrientationLandscapeLeft UIInterfaceOrientationLandscapeRight";
				LD_RUNPATH_SEARCH_PATHS = (
					"$(inherited)",
					"@executable_path/Frameworks",
				);
				MARKETING_VERSION = 1.0;
				PRODUCT_BUNDLE_IDENTIFIER = com.drake.weatherApp;
				PRODUCT_NAME = "$(TARGET_NAME)";
				SWIFT_EMIT_LOC_STRINGS = YES;
				SWIFT_VERSION = 5.0;
				TARGETED_DEVICE_FAMILY = "1,2";
			};
			name = Release;
		};
/* End XCBuildConfiguration section */

/* Begin XCConfigurationList section */
		900E33672C72DC0F006F45B0 /* Build configuration list for PBXProject "weatherApp" */ = {
			isa = XCConfigurationList;
			buildConfigurations = (
				900E337E2C72DC11006F45B0 /* Debug */,
				900E337F2C72DC11006F45B0 /* Release */,
			);
			defaultConfigurationIsVisible = 0;
			defaultConfigurationName = Release;
		};
		900E33802C72DC11006F45B0 /* Build configuration list for PBXNativeTarget "weatherApp" */ = {
			isa = XCConfigurationList;
			buildConfigurations = (
				900E33812C72DC11006F45B0 /* Debug */,
				900E33822C72DC11006F45B0 /* Release */,
			);
			defaultConfigurationIsVisible = 0;
			defaultConfigurationName = Release;
		};
/* End XCConfigurationList section */
	};
	rootObject = 900E33642C72DC0F006F45B0 /* Project object */;
}
